
Microsoft Visual Studio Solution File, Format Version 12.00
# Visual Studio Version 17
VisualStudioVersion = 17.2.32602.215
MinimumVisualStudioVersion = 10.0.40219.1
Project("{9A19103F-16F7-4668-BE54-9A1E7A4F7556}") = "WebAPI", "Clean-Arhitecture-Template\WebAPI.csproj", "{616CACCF-A33B-401C-85BC-B9F32252F83A}"
EndProject
Project("{FAE04EC0-301F-11D3-BF4B-00C04F79EFBC}") = "Infrastructure", "Infrastructure\Infrastructure.csproj", "{1EC87BCF-46DE-49E1-A750-B21760103DCF}"
EndProject
Project("{FAE04EC0-301F-11D3-BF4B-00C04F79EFBC}") = "Application", "Application\Application.csproj", "{30904610-BA3A-4859-A67A-2C9223A0209A}"
EndProject
Project("{FAE04EC0-301F-11D3-BF4B-00C04F79EFBC}") = "Domain", "Domain\Domain.csproj", "{AACEFE9F-5CDF-4E61-BA99-8FBE8035C8D2}"
EndProject
Global
	GlobalSection(SolutionConfigurationPlatforms) = preSolution
		Debug|Any CPU = Debug|Any CPU
		Release|Any CPU = Release|Any CPU
	EndGlobalSection
	GlobalSection(ProjectConfigurationPlatforms) = postSolution
		{616CACCF-A33B-401C-85BC-B9F32252F83A}.Debug|Any CPU.ActiveCfg = Debug|Any CPU
		{616CACCF-A33B-401C-85BC-B9F32252F83A}.Debug|Any CPU.Build.0 = Debug|Any CPU
		{616CACCF-A33B-401C-85BC-B9F32252F83A}.Release|Any CPU.ActiveCfg = Release|Any CPU
		{616CACCF-A33B-401C-85BC-B9F32252F83A}.Release|Any CPU.Build.0 = Release|Any CPU
		{1EC87BCF-46DE-49E1-A750-B21760103DCF}.Debug|Any CPU.ActiveCfg = Debug|Any CPU
		{1EC87BCF-46DE-49E1-A750-B21760103DCF}.Debug|Any CPU.Build.0 = Debug|Any CPU
		{1EC87BCF-46DE-49E1-A750-B21760103DCF}.Release|Any CPU.ActiveCfg = Release|Any CPU
		{1EC87BCF-46DE-49E1-A750-B21760103DCF}.Release|Any CPU.Build.0 = Release|Any CPU
		{30904610-BA3A-4859-A67A-2C9223A0209A}.Debug|Any CPU.ActiveCfg = Debug|Any CPU
		{30904610-BA3A-4859-A67A-2C9223A0209A}.Debug|Any CPU.Build.0 = Debug|Any CPU
		{30904610-BA3A-4859-A67A-2C9223A0209A}.Release|Any CPU.ActiveCfg = Release|Any CPU
		{30904610-BA3A-4859-A67A-2C9223A0209A}.Release|Any CPU.Build.0 = Release|Any CPU
		{AACEFE9F-5CDF-4E61-BA99-8FBE8035C8D2}.Debug|Any CPU.ActiveCfg = Debug|Any CPU
		{AACEFE9F-5CDF-4E61-BA99-8FBE8035C8D2}.Debug|Any CPU.Build.0 = Debug|Any CPU
		{AACEFE9F-5CDF-4E61-BA99-8FBE8035C8D2}.Release|Any CPU.ActiveCfg = Release|Any CPU
		{AACEFE9F-5CDF-4E61-BA99-8FBE8035C8D2}.Release|Any CPU.Build.0 = Release|Any CPU
	EndGlobalSection
	GlobalSection(SolutionProperties) = preSolution
		HideSolutionNode = FALSE
	EndGlobalSection
	GlobalSection(ExtensibilityGlobals) = postSolution
		SolutionGuid = {B476AC3B-3763-4DF0-9D25-725023E34618}
	EndGlobalSection
EndGlobal
